
Microsoft Visual Studio Solution File, Format Version 12.00
# Visual Studio Version 17
VisualStudioVersion = 17.11.35219.272
MinimumVisualStudioVersion = 10.0.40219.1
Project("{8BC9CEB8-8B4A-11D0-8D11-00A0C91BC942}") = "002_string", "002_string\002_string.vcxproj", "{80B78AF9-90A2-4CB9-8B13-DEDF88CAA226}"
EndProject
Project("{8BC9CEB8-8B4A-11D0-8D11-00A0C91BC942}") = "003_initialize", "003_initialize\003_initialize.vcxproj", "{3312CB5B-4A8E-41AA-8310-2D739D16A618}"
EndProject
Project("{8BC9CEB8-8B4A-11D0-8D11-00A0C91BC942}") = "001_cout", "001_cout\001_cout.vcxproj", "{36B790D0-3160-4742-8330-E0259F74693F}"
EndProject
Project("{8BC9CEB8-8B4A-11D0-8D11-00A0C91BC942}") = "004_loop", "004_loop\004_loop.vcxproj", "{912AB265-7D56-48C0-8BC4-C5FBACDD7D35}"
EndProject
Project("{8BC9CEB8-8B4A-11D0-8D11-00A0C91BC942}") = "005_swap", "005_swap\005_swap.vcxproj", "{684283EC-B458-4745-B806-D5B6C8090C6E}"
EndProject
Project("{8BC9CEB8-8B4A-11D0-8D11-00A0C91BC942}") = "006_defaultParameter", "006_defaultParameter\006_defaultParameter.vcxproj", "{AEECA610-5B15-4EC8-9F8C-0A29CC2F660F}"
EndProject
Project("{8BC9CEB8-8B4A-11D0-8D11-00A0C91BC942}") = "007_inventory", "007_inventory\007_inventory.vcxproj", "{D7BEA2AC-AB8D-4BBE-9209-2FAC2310B001}"
EndProject
Project("{8BC9CEB8-8B4A-11D0-8D11-00A0C91BC942}") = "008_TV", "008_TV\008_TV.vcxproj", "{F82BE896-E220-454F-90A9-3AC90DA07634}"
EndProject
Project("{8BC9CEB8-8B4A-11D0-8D11-00A0C91BC942}") = "009_this", "009_this\009_this.vcxproj", "{177D2513-5873-4A5A-841F-376BF5A37731}"
EndProject
Project("{8BC9CEB8-8B4A-11D0-8D11-00A0C91BC942}") = "010_complex", "010_complex\010_complex.vcxproj", "{404EEDEA-084F-4513-B7F7-B635336D50CF}"
EndProject
Project("{8BC9CEB8-8B4A-11D0-8D11-00A0C91BC942}") = "011_color", "011_color\011_color.vcxproj", "{6AF434F0-8B88-4020-939B-008B6863CED0}"
EndProject
Project("{8BC9CEB8-8B4A-11D0-8D11-00A0C91BC942}") = "012_colorID", "012_colorID\012_colorID.vcxproj", "{CB6277D0-2724-489C-B47F-25E5A414E7E4}"
EndProject
Project("{8BC9CEB8-8B4A-11D0-8D11-00A0C91BC942}") = "013_vector2", "013_vector2\013_vector2.vcxproj", "{83E6E2DE-48CB-4FA9-A509-9B85E6AA0D0A}"
EndProject
Project("{8BC9CEB8-8B4A-11D0-8D11-00A0C91BC942}") = "014_opOverloading", "014_opOverloading\014_opOverloading.vcxproj", "{190B1A2C-BC1A-407E-B904-14A25AE4C3B1}"
EndProject
Project("{8BC9CEB8-8B4A-11D0-8D11-00A0C91BC942}") = "015_new", "015_new\015_new.vcxproj", "{E04D2A52-A956-4749-9F65-79AE5F6D8690}"
EndProject
Project("{8BC9CEB8-8B4A-11D0-8D11-00A0C91BC942}") = "016_objectAllocation", "016_objectAllocation\016_objectAllocation.vcxproj", "{3E2A1B75-1B20-4C1B-BFC9-08968841F9B3}"
EndProject
Project("{8BC9CEB8-8B4A-11D0-8D11-00A0C91BC942}") = "017_String", "017_String\017_String.vcxproj", "{687D2112-BF81-4E07-905A-D693A8DDB4B6}"
EndProject
Project("{8BC9CEB8-8B4A-11D0-8D11-00A0C91BC942}") = "018_inheritance", "018_inheritance\018_inheritance.vcxproj", "{996C3BA7-AD41-4A69-82AA-0DB128E1978E}"
EndProject
Project("{8BC9CEB8-8B4A-11D0-8D11-00A0C91BC942}") = "019_Animal", "019_Animal\019_Animal.vcxproj", "{95314E47-EC6E-4549-87EE-15EFBFA49D0D}"
EndProject
Project("{8BC9CEB8-8B4A-11D0-8D11-00A0C91BC942}") = "020_template", "020_template\020_template.vcxproj", "{2C20DA30-DD56-4712-855A-E65BE52919E9}"
EndProject
Project("{8BC9CEB8-8B4A-11D0-8D11-00A0C91BC942}") = "021_classTemplate", "021_classTemplate\021_classTemplate.vcxproj", "{B9C8739F-684E-4942-856D-9BDF13F0EC32}"
EndProject
Project("{8BC9CEB8-8B4A-11D0-8D11-00A0C91BC942}") = "022_ trycatch", "022_ trycatch\022_ trycatch.vcxproj", "{CD253B71-0036-4B85-BAF2-0683E70DC443}"
EndProject
Project("{8BC9CEB8-8B4A-11D0-8D11-00A0C91BC942}") = "023_auto", "023_auto\023_auto.vcxproj", "{B81DC383-5A6F-470F-96AC-50D2645C7664}"
EndProject
Project("{8BC9CEB8-8B4A-11D0-8D11-00A0C91BC942}") = "024_funcPointer", "024_funcPointer\024_funcPointer.vcxproj", "{3B006064-6EFB-45D5-A9FE-2C64DD5D24A4}"
EndProject
Project("{8BC9CEB8-8B4A-11D0-8D11-00A0C91BC942}") = "025_square", "025_square\025_square.vcxproj", "{F3D9A8FC-6C55-4FE5-AB8E-BD6DF1D9D8D0}"
EndProject
Project("{8BC9CEB8-8B4A-11D0-8D11-00A0C91BC942}") = "026_lambda", "026_lambda\026_lambda.vcxproj", "{92A1D0BF-12A2-43A3-8D1D-48334193FDCB}"
EndProject
Project("{8BC9CEB8-8B4A-11D0-8D11-00A0C91BC942}") = "027_vector", "027_vector\027_vector.vcxproj", "{826AE1DC-8543-4056-BE4D-E21AB742096D}"
EndProject
Project("{8BC9CEB8-8B4A-11D0-8D11-00A0C91BC942}") = "028_pair", "028_pair\028_pair.vcxproj", "{A0909D42-DBAD-47DE-AD0E-702A965525E1}"
EndProject
Project("{8BC9CEB8-8B4A-11D0-8D11-00A0C91BC942}") = "029_sort", "029_sort\029_sort.vcxproj", "{2C6C123E-10F3-4997-A548-FF0DBDB7A3FC}"
EndProject
Global
	GlobalSection(SolutionConfigurationPlatforms) = preSolution
		Debug|x64 = Debug|x64
		Debug|x86 = Debug|x86
		Release|x64 = Release|x64
		Release|x86 = Release|x86
	EndGlobalSection
	GlobalSection(ProjectConfigurationPlatforms) = postSolution
		{80B78AF9-90A2-4CB9-8B13-DEDF88CAA226}.Debug|x64.ActiveCfg = Debug|x64
		{80B78AF9-90A2-4CB9-8B13-DEDF88CAA226}.Debug|x64.Build.0 = Debug|x64
		{80B78AF9-90A2-4CB9-8B13-DEDF88CAA226}.Debug|x86.ActiveCfg = Debug|Win32
		{80B78AF9-90A2-4CB9-8B13-DEDF88CAA226}.Debug|x86.Build.0 = Debug|Win32
		{80B78AF9-90A2-4CB9-8B13-DEDF88CAA226}.Release|x64.ActiveCfg = Release|x64
		{80B78AF9-90A2-4CB9-8B13-DEDF88CAA226}.Release|x64.Build.0 = Release|x64
		{80B78AF9-90A2-4CB9-8B13-DEDF88CAA226}.Release|x86.ActiveCfg = Release|Win32
		{80B78AF9-90A2-4CB9-8B13-DEDF88CAA226}.Release|x86.Build.0 = Release|Win32
		{3312CB5B-4A8E-41AA-8310-2D739D16A618}.Debug|x64.ActiveCfg = Debug|x64
		{3312CB5B-4A8E-41AA-8310-2D739D16A618}.Debug|x64.Build.0 = Debug|x64
		{3312CB5B-4A8E-41AA-8310-2D739D16A618}.Debug|x86.ActiveCfg = Debug|Win32
		{3312CB5B-4A8E-41AA-8310-2D739D16A618}.Debug|x86.Build.0 = Debug|Win32
		{3312CB5B-4A8E-41AA-8310-2D739D16A618}.Release|x64.ActiveCfg = Release|x64
		{3312CB5B-4A8E-41AA-8310-2D739D16A618}.Release|x64.Build.0 = Release|x64
		{3312CB5B-4A8E-41AA-8310-2D739D16A618}.Release|x86.ActiveCfg = Release|Win32
		{3312CB5B-4A8E-41AA-8310-2D739D16A618}.Release|x86.Build.0 = Release|Win32
		{36B790D0-3160-4742-8330-E0259F74693F}.Debug|x64.ActiveCfg = Debug|x64
		{36B790D0-3160-4742-8330-E0259F74693F}.Debug|x64.Build.0 = Debug|x64
		{36B790D0-3160-4742-8330-E0259F74693F}.Debug|x86.ActiveCfg = Debug|Win32
		{36B790D0-3160-4742-8330-E0259F74693F}.Debug|x86.Build.0 = Debug|Win32
		{36B790D0-3160-4742-8330-E0259F74693F}.Release|x64.ActiveCfg = Release|x64
		{36B790D0-3160-4742-8330-E0259F74693F}.Release|x64.Build.0 = Release|x64
		{36B790D0-3160-4742-8330-E0259F74693F}.Release|x86.ActiveCfg = Release|Win32
		{36B790D0-3160-4742-8330-E0259F74693F}.Release|x86.Build.0 = Release|Win32
		{912AB265-7D56-48C0-8BC4-C5FBACDD7D35}.Debug|x64.ActiveCfg = Debug|x64
		{912AB265-7D56-48C0-8BC4-C5FBACDD7D35}.Debug|x64.Build.0 = Debug|x64
		{912AB265-7D56-48C0-8BC4-C5FBACDD7D35}.Debug|x86.ActiveCfg = Debug|Win32
		{912AB265-7D56-48C0-8BC4-C5FBACDD7D35}.Debug|x86.Build.0 = Debug|Win32
		{912AB265-7D56-48C0-8BC4-C5FBACDD7D35}.Release|x64.ActiveCfg = Release|x64
		{912AB265-7D56-48C0-8BC4-C5FBACDD7D35}.Release|x64.Build.0 = Release|x64
		{912AB265-7D56-48C0-8BC4-C5FBACDD7D35}.Release|x86.ActiveCfg = Release|Win32
		{912AB265-7D56-48C0-8BC4-C5FBACDD7D35}.Release|x86.Build.0 = Release|Win32
		{684283EC-B458-4745-B806-D5B6C8090C6E}.Debug|x64.ActiveCfg = Debug|x64
		{684283EC-B458-4745-B806-D5B6C8090C6E}.Debug|x64.Build.0 = Debug|x64
		{684283EC-B458-4745-B806-D5B6C8090C6E}.Debug|x86.ActiveCfg = Debug|Win32
		{684283EC-B458-4745-B806-D5B6C8090C6E}.Debug|x86.Build.0 = Debug|Win32
		{684283EC-B458-4745-B806-D5B6C8090C6E}.Release|x64.ActiveCfg = Release|x64
		{684283EC-B458-4745-B806-D5B6C8090C6E}.Release|x64.Build.0 = Release|x64
		{684283EC-B458-4745-B806-D5B6C8090C6E}.Release|x86.ActiveCfg = Release|Win32
		{684283EC-B458-4745-B806-D5B6C8090C6E}.Release|x86.Build.0 = Release|Win32
		{AEECA610-5B15-4EC8-9F8C-0A29CC2F660F}.Debug|x64.ActiveCfg = Debug|x64
		{AEECA610-5B15-4EC8-9F8C-0A29CC2F660F}.Debug|x64.Build.0 = Debug|x64
		{AEECA610-5B15-4EC8-9F8C-0A29CC2F660F}.Debug|x86.ActiveCfg = Debug|Win32
		{AEECA610-5B15-4EC8-9F8C-0A29CC2F660F}.Debug|x86.Build.0 = Debug|Win32
		{AEECA610-5B15-4EC8-9F8C-0A29CC2F660F}.Release|x64.ActiveCfg = Release|x64
		{AEECA610-5B15-4EC8-9F8C-0A29CC2F660F}.Release|x64.Build.0 = Release|x64
		{AEECA610-5B15-4EC8-9F8C-0A29CC2F660F}.Release|x86.ActiveCfg = Release|Win32
		{AEECA610-5B15-4EC8-9F8C-0A29CC2F660F}.Release|x86.Build.0 = Release|Win32
		{D7BEA2AC-AB8D-4BBE-9209-2FAC2310B001}.Debug|x64.ActiveCfg = Debug|x64
		{D7BEA2AC-AB8D-4BBE-9209-2FAC2310B001}.Debug|x64.Build.0 = Debug|x64
		{D7BEA2AC-AB8D-4BBE-9209-2FAC2310B001}.Debug|x86.ActiveCfg = Debug|Win32
		{D7BEA2AC-AB8D-4BBE-9209-2FAC2310B001}.Debug|x86.Build.0 = Debug|Win32
		{D7BEA2AC-AB8D-4BBE-9209-2FAC2310B001}.Release|x64.ActiveCfg = Release|x64
		{D7BEA2AC-AB8D-4BBE-9209-2FAC2310B001}.Release|x64.Build.0 = Release|x64
		{D7BEA2AC-AB8D-4BBE-9209-2FAC2310B001}.Release|x86.ActiveCfg = Release|Win32
		{D7BEA2AC-AB8D-4BBE-9209-2FAC2310B001}.Release|x86.Build.0 = Release|Win32
		{F82BE896-E220-454F-90A9-3AC90DA07634}.Debug|x64.ActiveCfg = Debug|x64
		{F82BE896-E220-454F-90A9-3AC90DA07634}.Debug|x64.Build.0 = Debug|x64
		{F82BE896-E220-454F-90A9-3AC90DA07634}.Debug|x86.ActiveCfg = Debug|Win32
		{F82BE896-E220-454F-90A9-3AC90DA07634}.Debug|x86.Build.0 = Debug|Win32
		{F82BE896-E220-454F-90A9-3AC90DA07634}.Release|x64.ActiveCfg = Release|x64
		{F82BE896-E220-454F-90A9-3AC90DA07634}.Release|x64.Build.0 = Release|x64
		{F82BE896-E220-454F-90A9-3AC90DA07634}.Release|x86.ActiveCfg = Release|Win32
		{F82BE896-E220-454F-90A9-3AC90DA07634}.Release|x86.Build.0 = Release|Win32
		{177D2513-5873-4A5A-841F-376BF5A37731}.Debug|x64.ActiveCfg = Debug|x64
		{177D2513-5873-4A5A-841F-376BF5A37731}.Debug|x64.Build.0 = Debug|x64
		{177D2513-5873-4A5A-841F-376BF5A37731}.Debug|x86.ActiveCfg = Debug|Win32
		{177D2513-5873-4A5A-841F-376BF5A37731}.Debug|x86.Build.0 = Debug|Win32
		{177D2513-5873-4A5A-841F-376BF5A37731}.Release|x64.ActiveCfg = Release|x64
		{177D2513-5873-4A5A-841F-376BF5A37731}.Release|x64.Build.0 = Release|x64
		{177D2513-5873-4A5A-841F-376BF5A37731}.Release|x86.ActiveCfg = Release|Win32
		{177D2513-5873-4A5A-841F-376BF5A37731}.Release|x86.Build.0 = Release|Win32
		{404EEDEA-084F-4513-B7F7-B635336D50CF}.Debug|x64.ActiveCfg = Debug|x64
		{404EEDEA-084F-4513-B7F7-B635336D50CF}.Debug|x64.Build.0 = Debug|x64
		{404EEDEA-084F-4513-B7F7-B635336D50CF}.Debug|x86.ActiveCfg = Debug|Win32
		{404EEDEA-084F-4513-B7F7-B635336D50CF}.Debug|x86.Build.0 = Debug|Win32
		{404EEDEA-084F-4513-B7F7-B635336D50CF}.Release|x64.ActiveCfg = Release|x64
		{404EEDEA-084F-4513-B7F7-B635336D50CF}.Release|x64.Build.0 = Release|x64
		{404EEDEA-084F-4513-B7F7-B635336D50CF}.Release|x86.ActiveCfg = Release|Win32
		{404EEDEA-084F-4513-B7F7-B635336D50CF}.Release|x86.Build.0 = Release|Win32
		{6AF434F0-8B88-4020-939B-008B6863CED0}.Debug|x64.ActiveCfg = Debug|x64
		{6AF434F0-8B88-4020-939B-008B6863CED0}.Debug|x64.Build.0 = Debug|x64
		{6AF434F0-8B88-4020-939B-008B6863CED0}.Debug|x86.ActiveCfg = Debug|Win32
		{6AF434F0-8B88-4020-939B-008B6863CED0}.Debug|x86.Build.0 = Debug|Win32
		{6AF434F0-8B88-4020-939B-008B6863CED0}.Release|x64.ActiveCfg = Release|x64
		{6AF434F0-8B88-4020-939B-008B6863CED0}.Release|x64.Build.0 = Release|x64
		{6AF434F0-8B88-4020-939B-008B6863CED0}.Release|x86.ActiveCfg = Release|Win32
		{6AF434F0-8B88-4020-939B-008B6863CED0}.Release|x86.Build.0 = Release|Win32
		{CB6277D0-2724-489C-B47F-25E5A414E7E4}.Debug|x64.ActiveCfg = Debug|x64
		{CB6277D0-2724-489C-B47F-25E5A414E7E4}.Debug|x64.Build.0 = Debug|x64
		{CB6277D0-2724-489C-B47F-25E5A414E7E4}.Debug|x86.ActiveCfg = Debug|Win32
		{CB6277D0-2724-489C-B47F-25E5A414E7E4}.Debug|x86.Build.0 = Debug|Win32
		{CB6277D0-2724-489C-B47F-25E5A414E7E4}.Release|x64.ActiveCfg = Release|x64
		{CB6277D0-2724-489C-B47F-25E5A414E7E4}.Release|x64.Build.0 = Release|x64
		{CB6277D0-2724-489C-B47F-25E5A414E7E4}.Release|x86.ActiveCfg = Release|Win32
		{CB6277D0-2724-489C-B47F-25E5A414E7E4}.Release|x86.Build.0 = Release|Win32
		{83E6E2DE-48CB-4FA9-A509-9B85E6AA0D0A}.Debug|x64.ActiveCfg = Debug|x64
		{83E6E2DE-48CB-4FA9-A509-9B85E6AA0D0A}.Debug|x64.Build.0 = Debug|x64
		{83E6E2DE-48CB-4FA9-A509-9B85E6AA0D0A}.Debug|x86.ActiveCfg = Debug|Win32
		{83E6E2DE-48CB-4FA9-A509-9B85E6AA0D0A}.Debug|x86.Build.0 = Debug|Win32
		{83E6E2DE-48CB-4FA9-A509-9B85E6AA0D0A}.Release|x64.ActiveCfg = Release|x64
		{83E6E2DE-48CB-4FA9-A509-9B85E6AA0D0A}.Release|x64.Build.0 = Release|x64
		{83E6E2DE-48CB-4FA9-A509-9B85E6AA0D0A}.Release|x86.ActiveCfg = Release|Win32
		{83E6E2DE-48CB-4FA9-A509-9B85E6AA0D0A}.Release|x86.Build.0 = Release|Win32
		{190B1A2C-BC1A-407E-B904-14A25AE4C3B1}.Debug|x64.ActiveCfg = Debug|x64
		{190B1A2C-BC1A-407E-B904-14A25AE4C3B1}.Debug|x64.Build.0 = Debug|x64
		{190B1A2C-BC1A-407E-B904-14A25AE4C3B1}.Debug|x86.ActiveCfg = Debug|Win32
		{190B1A2C-BC1A-407E-B904-14A25AE4C3B1}.Debug|x86.Build.0 = Debug|Win32
		{190B1A2C-BC1A-407E-B904-14A25AE4C3B1}.Release|x64.ActiveCfg = Release|x64
		{190B1A2C-BC1A-407E-B904-14A25AE4C3B1}.Release|x64.Build.0 = Release|x64
		{190B1A2C-BC1A-407E-B904-14A25AE4C3B1}.Release|x86.ActiveCfg = Release|Win32
		{190B1A2C-BC1A-407E-B904-14A25AE4C3B1}.Release|x86.Build.0 = Release|Win32
		{E04D2A52-A956-4749-9F65-79AE5F6D8690}.Debug|x64.ActiveCfg = Debug|x64
		{E04D2A52-A956-4749-9F65-79AE5F6D8690}.Debug|x64.Build.0 = Debug|x64
		{E04D2A52-A956-4749-9F65-79AE5F6D8690}.Debug|x86.ActiveCfg = Debug|Win32
		{E04D2A52-A956-4749-9F65-79AE5F6D8690}.Debug|x86.Build.0 = Debug|Win32
		{E04D2A52-A956-4749-9F65-79AE5F6D8690}.Release|x64.ActiveCfg = Release|x64
		{E04D2A52-A956-4749-9F65-79AE5F6D8690}.Release|x64.Build.0 = Release|x64
		{E04D2A52-A956-4749-9F65-79AE5F6D8690}.Release|x86.ActiveCfg = Release|Win32
		{E04D2A52-A956-4749-9F65-79AE5F6D8690}.Release|x86.Build.0 = Release|Win32
		{3E2A1B75-1B20-4C1B-BFC9-08968841F9B3}.Debug|x64.ActiveCfg = Debug|x64
		{3E2A1B75-1B20-4C1B-BFC9-08968841F9B3}.Debug|x64.Build.0 = Debug|x64
		{3E2A1B75-1B20-4C1B-BFC9-08968841F9B3}.Debug|x86.ActiveCfg = Debug|Win32
		{3E2A1B75-1B20-4C1B-BFC9-08968841F9B3}.Debug|x86.Build.0 = Debug|Win32
		{3E2A1B75-1B20-4C1B-BFC9-08968841F9B3}.Release|x64.ActiveCfg = Release|x64
		{3E2A1B75-1B20-4C1B-BFC9-08968841F9B3}.Release|x64.Build.0 = Release|x64
		{3E2A1B75-1B20-4C1B-BFC9-08968841F9B3}.Release|x86.ActiveCfg = Release|Win32
		{3E2A1B75-1B20-4C1B-BFC9-08968841F9B3}.Release|x86.Build.0 = Release|Win32
		{687D2112-BF81-4E07-905A-D693A8DDB4B6}.Debug|x64.ActiveCfg = Debug|x64
		{687D2112-BF81-4E07-905A-D693A8DDB4B6}.Debug|x64.Build.0 = Debug|x64
		{687D2112-BF81-4E07-905A-D693A8DDB4B6}.Debug|x86.ActiveCfg = Debug|Win32
		{687D2112-BF81-4E07-905A-D693A8DDB4B6}.Debug|x86.Build.0 = Debug|Win32
		{687D2112-BF81-4E07-905A-D693A8DDB4B6}.Release|x64.ActiveCfg = Release|x64
		{687D2112-BF81-4E07-905A-D693A8DDB4B6}.Release|x64.Build.0 = Release|x64
		{687D2112-BF81-4E07-905A-D693A8DDB4B6}.Release|x86.ActiveCfg = Release|Win32
		{687D2112-BF81-4E07-905A-D693A8DDB4B6}.Release|x86.Build.0 = Release|Win32
		{996C3BA7-AD41-4A69-82AA-0DB128E1978E}.Debug|x64.ActiveCfg = Debug|x64
		{996C3BA7-AD41-4A69-82AA-0DB128E1978E}.Debug|x64.Build.0 = Debug|x64
		{996C3BA7-AD41-4A69-82AA-0DB128E1978E}.Debug|x86.ActiveCfg = Debug|Win32
		{996C3BA7-AD41-4A69-82AA-0DB128E1978E}.Debug|x86.Build.0 = Debug|Win32
		{996C3BA7-AD41-4A69-82AA-0DB128E1978E}.Release|x64.ActiveCfg = Release|x64
		{996C3BA7-AD41-4A69-82AA-0DB128E1978E}.Release|x64.Build.0 = Release|x64
		{996C3BA7-AD41-4A69-82AA-0DB128E1978E}.Release|x86.ActiveCfg = Release|Win32
		{996C3BA7-AD41-4A69-82AA-0DB128E1978E}.Release|x86.Build.0 = Release|Win32
		{95314E47-EC6E-4549-87EE-15EFBFA49D0D}.Debug|x64.ActiveCfg = Debug|x64
		{95314E47-EC6E-4549-87EE-15EFBFA49D0D}.Debug|x64.Build.0 = Debug|x64
		{95314E47-EC6E-4549-87EE-15EFBFA49D0D}.Debug|x86.ActiveCfg = Debug|Win32
		{95314E47-EC6E-4549-87EE-15EFBFA49D0D}.Debug|x86.Build.0 = Debug|Win32
		{95314E47-EC6E-4549-87EE-15EFBFA49D0D}.Release|x64.ActiveCfg = Release|x64
		{95314E47-EC6E-4549-87EE-15EFBFA49D0D}.Release|x64.Build.0 = Release|x64
		{95314E47-EC6E-4549-87EE-15EFBFA49D0D}.Release|x86.ActiveCfg = Release|Win32
		{95314E47-EC6E-4549-87EE-15EFBFA49D0D}.Release|x86.Build.0 = Release|Win32
		{2C20DA30-DD56-4712-855A-E65BE52919E9}.Debug|x64.ActiveCfg = Debug|x64
		{2C20DA30-DD56-4712-855A-E65BE52919E9}.Debug|x64.Build.0 = Debug|x64
		{2C20DA30-DD56-4712-855A-E65BE52919E9}.Debug|x86.ActiveCfg = Debug|Win32
		{2C20DA30-DD56-4712-855A-E65BE52919E9}.Debug|x86.Build.0 = Debug|Win32
		{2C20DA30-DD56-4712-855A-E65BE52919E9}.Release|x64.ActiveCfg = Release|x64
		{2C20DA30-DD56-4712-855A-E65BE52919E9}.Release|x64.Build.0 = Release|x64
		{2C20DA30-DD56-4712-855A-E65BE52919E9}.Release|x86.ActiveCfg = Release|Win32
		{2C20DA30-DD56-4712-855A-E65BE52919E9}.Release|x86.Build.0 = Release|Win32
		{B9C8739F-684E-4942-856D-9BDF13F0EC32}.Debug|x64.ActiveCfg = Debug|x64
		{B9C8739F-684E-4942-856D-9BDF13F0EC32}.Debug|x64.Build.0 = Debug|x64
		{B9C8739F-684E-4942-856D-9BDF13F0EC32}.Debug|x86.ActiveCfg = Debug|Win32
		{B9C8739F-684E-4942-856D-9BDF13F0EC32}.Debug|x86.Build.0 = Debug|Win32
		{B9C8739F-684E-4942-856D-9BDF13F0EC32}.Release|x64.ActiveCfg = Release|x64
		{B9C8739F-684E-4942-856D-9BDF13F0EC32}.Release|x64.Build.0 = Release|x64
		{B9C8739F-684E-4942-856D-9BDF13F0EC32}.Release|x86.ActiveCfg = Release|Win32
		{B9C8739F-684E-4942-856D-9BDF13F0EC32}.Release|x86.Build.0 = Release|Win32
		{CD253B71-0036-4B85-BAF2-0683E70DC443}.Debug|x64.ActiveCfg = Debug|x64
		{CD253B71-0036-4B85-BAF2-0683E70DC443}.Debug|x64.Build.0 = Debug|x64
		{CD253B71-0036-4B85-BAF2-0683E70DC443}.Debug|x86.ActiveCfg = Debug|Win32
		{CD253B71-0036-4B85-BAF2-0683E70DC443}.Debug|x86.Build.0 = Debug|Win32
		{CD253B71-0036-4B85-BAF2-0683E70DC443}.Release|x64.ActiveCfg = Release|x64
		{CD253B71-0036-4B85-BAF2-0683E70DC443}.Release|x64.Build.0 = Release|x64
		{CD253B71-0036-4B85-BAF2-0683E70DC443}.Release|x86.ActiveCfg = Release|Win32
		{CD253B71-0036-4B85-BAF2-0683E70DC443}.Release|x86.Build.0 = Release|Win32
		{B81DC383-5A6F-470F-96AC-50D2645C7664}.Debug|x64.ActiveCfg = Debug|x64
		{B81DC383-5A6F-470F-96AC-50D2645C7664}.Debug|x64.Build.0 = Debug|x64
		{B81DC383-5A6F-470F-96AC-50D2645C7664}.Debug|x86.ActiveCfg = Debug|Win32
		{B81DC383-5A6F-470F-96AC-50D2645C7664}.Debug|x86.Build.0 = Debug|Win32
		{B81DC383-5A6F-470F-96AC-50D2645C7664}.Release|x64.ActiveCfg = Release|x64
		{B81DC383-5A6F-470F-96AC-50D2645C7664}.Release|x64.Build.0 = Release|x64
		{B81DC383-5A6F-470F-96AC-50D2645C7664}.Release|x86.ActiveCfg = Release|Win32
		{B81DC383-5A6F-470F-96AC-50D2645C7664}.Release|x86.Build.0 = Release|Win32
		{3B006064-6EFB-45D5-A9FE-2C64DD5D24A4}.Debug|x64.ActiveCfg = Debug|x64
		{3B006064-6EFB-45D5-A9FE-2C64DD5D24A4}.Debug|x64.Build.0 = Debug|x64
		{3B006064-6EFB-45D5-A9FE-2C64DD5D24A4}.Debug|x86.ActiveCfg = Debug|Win32
		{3B006064-6EFB-45D5-A9FE-2C64DD5D24A4}.Debug|x86.Build.0 = Debug|Win32
		{3B006064-6EFB-45D5-A9FE-2C64DD5D24A4}.Release|x64.ActiveCfg = Release|x64
		{3B006064-6EFB-45D5-A9FE-2C64DD5D24A4}.Release|x64.Build.0 = Release|x64
		{3B006064-6EFB-45D5-A9FE-2C64DD5D24A4}.Release|x86.ActiveCfg = Release|Win32
		{3B006064-6EFB-45D5-A9FE-2C64DD5D24A4}.Release|x86.Build.0 = Release|Win32
		{F3D9A8FC-6C55-4FE5-AB8E-BD6DF1D9D8D0}.Debug|x64.ActiveCfg = Debug|x64
		{F3D9A8FC-6C55-4FE5-AB8E-BD6DF1D9D8D0}.Debug|x64.Build.0 = Debug|x64
		{F3D9A8FC-6C55-4FE5-AB8E-BD6DF1D9D8D0}.Debug|x86.ActiveCfg = Debug|Win32
		{F3D9A8FC-6C55-4FE5-AB8E-BD6DF1D9D8D0}.Debug|x86.Build.0 = Debug|Win32
		{F3D9A8FC-6C55-4FE5-AB8E-BD6DF1D9D8D0}.Release|x64.ActiveCfg = Release|x64
		{F3D9A8FC-6C55-4FE5-AB8E-BD6DF1D9D8D0}.Release|x64.Build.0 = Release|x64
		{F3D9A8FC-6C55-4FE5-AB8E-BD6DF1D9D8D0}.Release|x86.ActiveCfg = Release|Win32
		{F3D9A8FC-6C55-4FE5-AB8E-BD6DF1D9D8D0}.Release|x86.Build.0 = Release|Win32
		{92A1D0BF-12A2-43A3-8D1D-48334193FDCB}.Debug|x64.ActiveCfg = Debug|x64
		{92A1D0BF-12A2-43A3-8D1D-48334193FDCB}.Debug|x64.Build.0 = Debug|x64
		{92A1D0BF-12A2-43A3-8D1D-48334193FDCB}.Debug|x86.ActiveCfg = Debug|Win32
		{92A1D0BF-12A2-43A3-8D1D-48334193FDCB}.Debug|x86.Build.0 = Debug|Win32
		{92A1D0BF-12A2-43A3-8D1D-48334193FDCB}.Release|x64.ActiveCfg = Release|x64
		{92A1D0BF-12A2-43A3-8D1D-48334193FDCB}.Release|x64.Build.0 = Release|x64
		{92A1D0BF-12A2-43A3-8D1D-48334193FDCB}.Release|x86.ActiveCfg = Release|Win32
		{92A1D0BF-12A2-43A3-8D1D-48334193FDCB}.Release|x86.Build.0 = Release|Win32
		{826AE1DC-8543-4056-BE4D-E21AB742096D}.Debug|x64.ActiveCfg = Debug|x64
		{826AE1DC-8543-4056-BE4D-E21AB742096D}.Debug|x64.Build.0 = Debug|x64
		{826AE1DC-8543-4056-BE4D-E21AB742096D}.Debug|x86.ActiveCfg = Debug|Win32
		{826AE1DC-8543-4056-BE4D-E21AB742096D}.Debug|x86.Build.0 = Debug|Win32
		{826AE1DC-8543-4056-BE4D-E21AB742096D}.Release|x64.ActiveCfg = Release|x64
		{826AE1DC-8543-4056-BE4D-E21AB742096D}.Release|x64.Build.0 = Release|x64
		{826AE1DC-8543-4056-BE4D-E21AB742096D}.Release|x86.ActiveCfg = Release|Win32
		{826AE1DC-8543-4056-BE4D-E21AB742096D}.Release|x86.Build.0 = Release|Win32
		{A0909D42-DBAD-47DE-AD0E-702A965525E1}.Debug|x64.ActiveCfg = Debug|x64
		{A0909D42-DBAD-47DE-AD0E-702A965525E1}.Debug|x64.Build.0 = Debug|x64
		{A0909D42-DBAD-47DE-AD0E-702A965525E1}.Debug|x86.ActiveCfg = Debug|Win32
		{A0909D42-DBAD-47DE-AD0E-702A965525E1}.Debug|x86.Build.0 = Debug|Win32
		{A0909D42-DBAD-47DE-AD0E-702A965525E1}.Release|x64.ActiveCfg = Release|x64
		{A0909D42-DBAD-47DE-AD0E-702A965525E1}.Release|x64.Build.0 = Release|x64
		{A0909D42-DBAD-47DE-AD0E-702A965525E1}.Release|x86.ActiveCfg = Release|Win32
		{A0909D42-DBAD-47DE-AD0E-702A965525E1}.Release|x86.Build.0 = Release|Win32
		{2C6C123E-10F3-4997-A548-FF0DBDB7A3FC}.Debug|x64.ActiveCfg = Debug|x64
		{2C6C123E-10F3-4997-A548-FF0DBDB7A3FC}.Debug|x64.Build.0 = Debug|x64
		{2C6C123E-10F3-4997-A548-FF0DBDB7A3FC}.Debug|x86.ActiveCfg = Debug|Win32
		{2C6C123E-10F3-4997-A548-FF0DBDB7A3FC}.Debug|x86.Build.0 = Debug|Win32
		{2C6C123E-10F3-4997-A548-FF0DBDB7A3FC}.Release|x64.ActiveCfg = Release|x64
		{2C6C123E-10F3-4997-A548-FF0DBDB7A3FC}.Release|x64.Build.0 = Release|x64
		{2C6C123E-10F3-4997-A548-FF0DBDB7A3FC}.Release|x86.ActiveCfg = Release|Win32
		{2C6C123E-10F3-4997-A548-FF0DBDB7A3FC}.Release|x86.Build.0 = Release|Win32
	EndGlobalSection
	GlobalSection(SolutionProperties) = preSolution
		HideSolutionNode = FALSE
	EndGlobalSection
	GlobalSection(ExtensibilityGlobals) = postSolution
		SolutionGuid = {679783F4-27C3-424F-B1C5-9089C8D92A4E}
	EndGlobalSection
EndGlobal
